
Microsoft Visual Studio Solution File, Format Version 12.00
# Visual Studio Version 17
VisualStudioVersion = 17.14.35906.104
MinimumVisualStudioVersion = 10.0.40219.1
Project("{FAE04EC0-301F-11D3-BF4B-00C04F79EFBC}") = "MyNextBook", "MyNextBook\MyNextBook.csproj", "{E2F55C6C-DB66-4247-88A3-098BF5323F61}"
EndProject
Project("{FAE04EC0-301F-11D3-BF4B-00C04F79EFBC}") = "ImportSeries", "ImportSeries\ImportSeries.csproj", "{F9862CEC-2AE7-4046-8967-7E53B418282B}"
EndProject
Project("{FAE04EC0-301F-11D3-BF4B-00C04F79EFBC}") = "ImportSeries.Tests", "ImportSeries.Tests\ImportSeries.Tests.csproj", "{5093F3AE-FBA9-B5A0-F4A3-4C6DCD558728}"
EndProject
Project("{FAE04EC0-301F-11D3-BF4B-00C04F79EFBC}") = "CommonCode", "..\r3\CommonCode\CommonCode.csproj", "{151AEFE3-24B1-E235-6842-22829CECD61B}"
EndProject
Project("{FAE04EC0-301F-11D3-BF4B-00C04F79EFBC}") = "OpenLibraryNET", "..\r\OpenLibrary.NET\src\OpenLibraryNET.csproj", "{0597C692-5CB1-B1EB-5485-202A68BC10C8}"
EndProject
Project("{FAE04EC0-301F-11D3-BF4B-00C04F79EFBC}") = "OpenLibraryNET.Diagnostics", "..\r\OpenLibrary.NET\code generation\OpenLibraryNET.Diagnostics\OpenLibraryNET.Diagnostics.csproj", "{722CD55C-3E90-BEFE-8860-EC4EB601D4C7}"
EndProject
Project("{FAE04EC0-301F-11D3-BF4B-00C04F79EFBC}") = "OpenLibraryNET.GeneratorAttributes", "..\r\OpenLibrary.NET\code generation\OpenLibraryNET.GeneratorAttributes\OpenLibraryNET.GeneratorAttributes.csproj", "{95286711-A4CC-D4F4-2114-239B7A1F1FB9}"
EndProject
Project("{FAE04EC0-301F-11D3-BF4B-00C04F79EFBC}") = "OpenLibraryNET.RemoveGeneratorAttributes", "..\r\OpenLibrary.NET\code generation\OpenLibraryNET.RemoveGeneratorAttributes\OpenLibraryNET.RemoveGeneratorAttributes.csproj", "{AA422E90-4ED4-DA0F-3177-18BBA3CE994C}"
EndProject
Project("{FAE04EC0-301F-11D3-BF4B-00C04F79EFBC}") = "OpenLibraryNET.SourceGenerators", "..\r\OpenLibrary.NET\code generation\OpenLibraryNET.SourceGenerators\OpenLibraryNET.SourceGenerators.csproj", "{0E8A09F6-76CD-9535-C982-6D84AC9DB4C0}"
EndProject
Global
	GlobalSection(SolutionConfigurationPlatforms) = preSolution
		Debug|Any CPU = Debug|Any CPU
		Debug|PhysicalDevice = Debug|PhysicalDevice
		Release|Any CPU = Release|Any CPU
		Release|PhysicalDevice = Release|PhysicalDevice
	EndGlobalSection
	GlobalSection(ProjectConfigurationPlatforms) = postSolution
		{E2F55C6C-DB66-4247-88A3-098BF5323F61}.Debug|Any CPU.ActiveCfg = Debug|Any CPU
		{E2F55C6C-DB66-4247-88A3-098BF5323F61}.Debug|Any CPU.Build.0 = Debug|Any CPU
		{E2F55C6C-DB66-4247-88A3-098BF5323F61}.Debug|Any CPU.Deploy.0 = Debug|Any CPU
		{E2F55C6C-DB66-4247-88A3-098BF5323F61}.Debug|PhysicalDevice.ActiveCfg = Debug|Any CPU
		{E2F55C6C-DB66-4247-88A3-098BF5323F61}.Debug|PhysicalDevice.Build.0 = Debug|Any CPU
		{E2F55C6C-DB66-4247-88A3-098BF5323F61}.Debug|PhysicalDevice.Deploy.0 = Debug|Any CPU
		{E2F55C6C-DB66-4247-88A3-098BF5323F61}.Release|Any CPU.ActiveCfg = Release|Any CPU
		{E2F55C6C-DB66-4247-88A3-098BF5323F61}.Release|Any CPU.Build.0 = Release|Any CPU
		{E2F55C6C-DB66-4247-88A3-098BF5323F61}.Release|PhysicalDevice.ActiveCfg = Release|Any CPU
		{E2F55C6C-DB66-4247-88A3-098BF5323F61}.Release|PhysicalDevice.Build.0 = Release|Any CPU
		{F9862CEC-2AE7-4046-8967-7E53B418282B}.Debug|Any CPU.ActiveCfg = Debug|Any CPU
		{F9862CEC-2AE7-4046-8967-7E53B418282B}.Debug|Any CPU.Build.0 = Debug|Any CPU
		{F9862CEC-2AE7-4046-8967-7E53B418282B}.Debug|PhysicalDevice.ActiveCfg = Debug|Any CPU
		{F9862CEC-2AE7-4046-8967-7E53B418282B}.Debug|PhysicalDevice.Build.0 = Debug|Any CPU
		{F9862CEC-2AE7-4046-8967-7E53B418282B}.Release|Any CPU.ActiveCfg = Release|Any CPU
		{F9862CEC-2AE7-4046-8967-7E53B418282B}.Release|Any CPU.Build.0 = Release|Any CPU
		{F9862CEC-2AE7-4046-8967-7E53B418282B}.Release|PhysicalDevice.ActiveCfg = Release|Any CPU
		{F9862CEC-2AE7-4046-8967-7E53B418282B}.Release|PhysicalDevice.Build.0 = Release|Any CPU
		{5093F3AE-FBA9-B5A0-F4A3-4C6DCD558728}.Debug|Any CPU.ActiveCfg = Debug|Any CPU
		{5093F3AE-FBA9-B5A0-F4A3-4C6DCD558728}.Debug|Any CPU.Build.0 = Debug|Any CPU
		{5093F3AE-FBA9-B5A0-F4A3-4C6DCD558728}.Debug|PhysicalDevice.ActiveCfg = Debug|Any CPU
		{5093F3AE-FBA9-B5A0-F4A3-4C6DCD558728}.Debug|PhysicalDevice.Build.0 = Debug|Any CPU
		{5093F3AE-FBA9-B5A0-F4A3-4C6DCD558728}.Release|Any CPU.ActiveCfg = Release|Any CPU
		{5093F3AE-FBA9-B5A0-F4A3-4C6DCD558728}.Release|Any CPU.Build.0 = Release|Any CPU
		{5093F3AE-FBA9-B5A0-F4A3-4C6DCD558728}.Release|PhysicalDevice.ActiveCfg = Release|Any CPU
		{5093F3AE-FBA9-B5A0-F4A3-4C6DCD558728}.Release|PhysicalDevice.Build.0 = Release|Any CPU
		{151AEFE3-24B1-E235-6842-22829CECD61B}.Debug|Any CPU.ActiveCfg = Debug|Any CPU
		{151AEFE3-24B1-E235-6842-22829CECD61B}.Debug|Any CPU.Build.0 = Debug|Any CPU
		{151AEFE3-24B1-E235-6842-22829CECD61B}.Debug|PhysicalDevice.ActiveCfg = Debug|Any CPU
		{151AEFE3-24B1-E235-6842-22829CECD61B}.Debug|PhysicalDevice.Build.0 = Debug|Any CPU
		{151AEFE3-24B1-E235-6842-22829CECD61B}.Release|Any CPU.ActiveCfg = Release|Any CPU
		{151AEFE3-24B1-E235-6842-22829CECD61B}.Release|Any CPU.Build.0 = Release|Any CPU
		{151AEFE3-24B1-E235-6842-22829CECD61B}.Release|PhysicalDevice.ActiveCfg = Release|Any CPU
		{151AEFE3-24B1-E235-6842-22829CECD61B}.Release|PhysicalDevice.Build.0 = Release|Any CPU
		{0597C692-5CB1-B1EB-5485-202A68BC10C8}.Debug|Any CPU.ActiveCfg = Debug|Any CPU
		{0597C692-5CB1-B1EB-5485-202A68BC10C8}.Debug|Any CPU.Build.0 = Debug|Any CPU
		{0597C692-5CB1-B1EB-5485-202A68BC10C8}.Debug|PhysicalDevice.ActiveCfg = Debug|Any CPU
		{0597C692-5CB1-B1EB-5485-202A68BC10C8}.Debug|PhysicalDevice.Build.0 = Debug|Any CPU
		{0597C692-5CB1-B1EB-5485-202A68BC10C8}.Release|Any CPU.ActiveCfg = Release|Any CPU
		{0597C692-5CB1-B1EB-5485-202A68BC10C8}.Release|Any CPU.Build.0 = Release|Any CPU
		{0597C692-5CB1-B1EB-5485-202A68BC10C8}.Release|PhysicalDevice.ActiveCfg = Release|Any CPU
		{0597C692-5CB1-B1EB-5485-202A68BC10C8}.Release|PhysicalDevice.Build.0 = Release|Any CPU
		{722CD55C-3E90-BEFE-8860-EC4EB601D4C7}.Debug|Any CPU.ActiveCfg = Debug|Any CPU
		{722CD55C-3E90-BEFE-8860-EC4EB601D4C7}.Debug|Any CPU.Build.0 = Debug|Any CPU
		{722CD55C-3E90-BEFE-8860-EC4EB601D4C7}.Debug|PhysicalDevice.ActiveCfg = Debug|Any CPU
		{722CD55C-3E90-BEFE-8860-EC4EB601D4C7}.Debug|PhysicalDevice.Build.0 = Debug|Any CPU
		{722CD55C-3E90-BEFE-8860-EC4EB601D4C7}.Release|Any CPU.ActiveCfg = Release|Any CPU
		{722CD55C-3E90-BEFE-8860-EC4EB601D4C7}.Release|Any CPU.Build.0 = Release|Any CPU
		{722CD55C-3E90-BEFE-8860-EC4EB601D4C7}.Release|PhysicalDevice.ActiveCfg = Release|Any CPU
		{722CD55C-3E90-BEFE-8860-EC4EB601D4C7}.Release|PhysicalDevice.Build.0 = Release|Any CPU
		{95286711-A4CC-D4F4-2114-239B7A1F1FB9}.Debug|Any CPU.ActiveCfg = Debug|Any CPU
		{95286711-A4CC-D4F4-2114-239B7A1F1FB9}.Debug|Any CPU.Build.0 = Debug|Any CPU
		{95286711-A4CC-D4F4-2114-239B7A1F1FB9}.Debug|PhysicalDevice.ActiveCfg = Debug|Any CPU
		{95286711-A4CC-D4F4-2114-239B7A1F1FB9}.Debug|PhysicalDevice.Build.0 = Debug|Any CPU
		{95286711-A4CC-D4F4-2114-239B7A1F1FB9}.Release|Any CPU.ActiveCfg = Release|Any CPU
		{95286711-A4CC-D4F4-2114-239B7A1F1FB9}.Release|Any CPU.Build.0 = Release|Any CPU
		{95286711-A4CC-D4F4-2114-239B7A1F1FB9}.Release|PhysicalDevice.ActiveCfg = Release|Any CPU
		{95286711-A4CC-D4F4-2114-239B7A1F1FB9}.Release|PhysicalDevice.Build.0 = Release|Any CPU
		{AA422E90-4ED4-DA0F-3177-18BBA3CE994C}.Debug|Any CPU.ActiveCfg = Debug|Any CPU
		{AA422E90-4ED4-DA0F-3177-18BBA3CE994C}.Debug|Any CPU.Build.0 = Debug|Any CPU
		{AA422E90-4ED4-DA0F-3177-18BBA3CE994C}.Debug|PhysicalDevice.ActiveCfg = Debug|Any CPU
		{AA422E90-4ED4-DA0F-3177-18BBA3CE994C}.Debug|PhysicalDevice.Build.0 = Debug|Any CPU
		{AA422E90-4ED4-DA0F-3177-18BBA3CE994C}.Release|Any CPU.ActiveCfg = Release|Any CPU
		{AA422E90-4ED4-DA0F-3177-18BBA3CE994C}.Release|Any CPU.Build.0 = Release|Any CPU
		{AA422E90-4ED4-DA0F-3177-18BBA3CE994C}.Release|PhysicalDevice.ActiveCfg = Release|Any CPU
		{AA422E90-4ED4-DA0F-3177-18BBA3CE994C}.Release|PhysicalDevice.Build.0 = Release|Any CPU
		{0E8A09F6-76CD-9535-C982-6D84AC9DB4C0}.Debug|Any CPU.ActiveCfg = Debug|Any CPU
		{0E8A09F6-76CD-9535-C982-6D84AC9DB4C0}.Debug|Any CPU.Build.0 = Debug|Any CPU
		{0E8A09F6-76CD-9535-C982-6D84AC9DB4C0}.Debug|PhysicalDevice.ActiveCfg = Debug|Any CPU
		{0E8A09F6-76CD-9535-C982-6D84AC9DB4C0}.Debug|PhysicalDevice.Build.0 = Debug|Any CPU
		{0E8A09F6-76CD-9535-C982-6D84AC9DB4C0}.Release|Any CPU.ActiveCfg = Release|Any CPU
		{0E8A09F6-76CD-9535-C982-6D84AC9DB4C0}.Release|Any CPU.Build.0 = Release|Any CPU
		{0E8A09F6-76CD-9535-C982-6D84AC9DB4C0}.Release|PhysicalDevice.ActiveCfg = Release|Any CPU
		{0E8A09F6-76CD-9535-C982-6D84AC9DB4C0}.Release|PhysicalDevice.Build.0 = Release|Any CPU
	EndGlobalSection
	GlobalSection(SolutionProperties) = preSolution
		HideSolutionNode = FALSE
	EndGlobalSection
	GlobalSection(ExtensibilityGlobals) = postSolution
		SolutionGuid = {767786D1-C45D-4492-BADA-B29C9838C96A}
	EndGlobalSection
EndGlobal
